
Microsoft Visual Studio Solution File, Format Version 12.00
# Visual Studio 15
VisualStudioVersion = 15.0.28307.136
MinimumVisualStudioVersion = 10.0.40219.1
Project("{FAE04EC0-301F-11D3-BF4B-00C04F79EFBC}") = "WebApplication", "WebApplication\WebApplication.csproj", "{42F639BD-1C3E-4CC3-8471-F053A53AC588}"
EndProject
Global
	GlobalSection(SolutionConfigurationPlatforms) = preSolution
		Debug|Any CPU = Debug|Any CPU
		Release|Any CPU = Release|Any CPU
	EndGlobalSection
	GlobalSection(ProjectConfigurationPlatforms) = postSolution
		{42F639BD-1C3E-4CC3-8471-F053A53AC588}.Debug|Any CPU.ActiveCfg = Debug|Any CPU
		{42F639BD-1C3E-4CC3-8471-F053A53AC588}.Debug|Any CPU.Build.0 = Debug|Any CPU
		{42F639BD-1C3E-4CC3-8471-F053A53AC588}.Release|Any CPU.ActiveCfg = Release|Any CPU
		{42F639BD-1C3E-4CC3-8471-F053A53AC588}.Release|Any CPU.Build.0 = Release|Any CPU
	EndGlobalSection
	GlobalSection(SolutionProperties) = preSolution
		HideSolutionNode = FALSE
	EndGlobalSection
	GlobalSection(ExtensibilityGlobals) = postSolution
		SolutionGuid = {A2FCF098-3204-4159-9877-3B5781237D72}
	EndGlobalSection
EndGlobal
